
Microsoft Visual Studio Solution File, Format Version 12.00
# Visual Studio 2013
VisualStudioVersion = 12.0.40629.0
MinimumVisualStudioVersion = 10.0.40219.1
Project("{FAE04EC0-301F-11D3-BF4B-00C04F79EFBC}") = "mywebsite", "mywebsite\mywebsite.csproj", "{0439ACFA-C959-45DB-8173-89072EB4771A}"
EndProject
Project("{FAE04EC0-301F-11D3-BF4B-00C04F79EFBC}") = "myfirstWCF", "myfirstWCF\myfirstWCF.csproj", "{AAC7E0B6-1A63-453D-9FCD-FDCB11961463}"
EndProject
Global
	GlobalSection(SolutionConfigurationPlatforms) = preSolution
		Debug|Any CPU = Debug|Any CPU
		Release|Any CPU = Release|Any CPU
	EndGlobalSection
	GlobalSection(ProjectConfigurationPlatforms) = postSolution
		{0439ACFA-C959-45DB-8173-89072EB4771A}.Debug|Any CPU.ActiveCfg = Debug|Any CPU
		{0439ACFA-C959-45DB-8173-89072EB4771A}.Debug|Any CPU.Build.0 = Debug|Any CPU
		{0439ACFA-C959-45DB-8173-89072EB4771A}.Release|Any CPU.ActiveCfg = Release|Any CPU
		{0439ACFA-C959-45DB-8173-89072EB4771A}.Release|Any CPU.Build.0 = Release|Any CPU
		{AAC7E0B6-1A63-453D-9FCD-FDCB11961463}.Debug|Any CPU.ActiveCfg = Debug|Any CPU
		{AAC7E0B6-1A63-453D-9FCD-FDCB11961463}.Debug|Any CPU.Build.0 = Debug|Any CPU
		{AAC7E0B6-1A63-453D-9FCD-FDCB11961463}.Release|Any CPU.ActiveCfg = Release|Any CPU
		{AAC7E0B6-1A63-453D-9FCD-FDCB11961463}.Release|Any CPU.Build.0 = Release|Any CPU
	EndGlobalSection
	GlobalSection(SolutionProperties) = preSolution
		HideSolutionNode = FALSE
	EndGlobalSection
EndGlobal
